
Microsoft Visual Studio Solution File, Format Version 12.00
# Visual Studio Version 16
VisualStudioVersion = 16.0.31624.102
MinimumVisualStudioVersion = 10.0.40219.1
Project("{FAE04EC0-301F-11D3-BF4B-00C04F79EFBC}") = "ApiUno", "ApiUno.csproj", "{1C2ABB97-2524-4F3D-9E86-C48F4DD648EB}"
EndProject
Global
	GlobalSection(SolutionConfigurationPlatforms) = preSolution
		Debug|Any CPU = Debug|Any CPU
		Release|Any CPU = Release|Any CPU
	EndGlobalSection
	GlobalSection(ProjectConfigurationPlatforms) = postSolution
		{1C2ABB97-2524-4F3D-9E86-C48F4DD648EB}.Debug|Any CPU.ActiveCfg = Debug|Any CPU
		{1C2ABB97-2524-4F3D-9E86-C48F4DD648EB}.Debug|Any CPU.Build.0 = Debug|Any CPU
		{1C2ABB97-2524-4F3D-9E86-C48F4DD648EB}.Release|Any CPU.ActiveCfg = Release|Any CPU
		{1C2ABB97-2524-4F3D-9E86-C48F4DD648EB}.Release|Any CPU.Build.0 = Release|Any CPU
	EndGlobalSection
	GlobalSection(SolutionProperties) = preSolution
		HideSolutionNode = FALSE
	EndGlobalSection
	GlobalSection(ExtensibilityGlobals) = postSolution
		SolutionGuid = {283C66E3-1756-4518-B45B-36BB1EF3F57F}
	EndGlobalSection
EndGlobal
